PODS:
  - FBSnapshotTestCase (1.5)
  - JScroll (0.1.0)

DEPENDENCIES:
  - FBSnapshotTestCase
  - JScroll (from `../`)

EXTERNAL SOURCES:
  JScroll:
    :path: ../

SPEC CHECKSUMS:
  FBSnapshotTestCase: e2914fbaabccea1dcc773d6a16b1c24540642488
  JScroll: 5a47d539910204426b12bf1e01c2d98f661ce726

COCOAPODS: 0.35.0
